
Microsoft Visual Studio Solution File, Format Version 12.00
# Visual Studio 2012
Project("{FAE04EC0-301F-11D3-BF4B-00C04F79EFBC}") = "BubbleShooter.CSharp.Plugins", "BubbleShooter.CSharp.Plugins.csproj", "{03091697-D5CE-E3FE-4B46-3EE907C3A10A}"
EndProject
Project("{FAE04EC0-301F-11D3-BF4B-00C04F79EFBC}") = "BubbleShooter.CSharp", "BubbleShooter.CSharp.csproj", "{5CD89A96-9A60-0E10-0224-733A73764230}"
EndProject
Project("{FAE04EC0-301F-11D3-BF4B-00C04F79EFBC}") = "BubbleShooter.CSharp.Editor", "BubbleShooter.CSharp.Editor.csproj", "{52AC551D-BD02-4F94-1E1D-A8D5BDDC8BD6}"
EndProject
Global
	GlobalSection(SolutionConfigurationPlatforms) = preSolution
		Debug|Any CPU = Debug|Any CPU
		Release|Any CPU = Release|Any CPU
	EndGlobalSection
	GlobalSection(ProjectConfigurationPlatforms) = postSolution
		{03091697-D5CE-E3FE-4B46-3EE907C3A10A}.Debug|Any CPU.ActiveCfg = Debug|Any CPU
		{03091697-D5CE-E3FE-4B46-3EE907C3A10A}.Debug|Any CPU.Build.0 = Debug|Any CPU
		{03091697-D5CE-E3FE-4B46-3EE907C3A10A}.Release|Any CPU.ActiveCfg = Release|Any CPU
		{03091697-D5CE-E3FE-4B46-3EE907C3A10A}.Release|Any CPU.Build.0 = Release|Any CPU
		{5CD89A96-9A60-0E10-0224-733A73764230}.Debug|Any CPU.ActiveCfg = Debug|Any CPU
		{5CD89A96-9A60-0E10-0224-733A73764230}.Debug|Any CPU.Build.0 = Debug|Any CPU
		{5CD89A96-9A60-0E10-0224-733A73764230}.Release|Any CPU.ActiveCfg = Release|Any CPU
		{5CD89A96-9A60-0E10-0224-733A73764230}.Release|Any CPU.Build.0 = Release|Any CPU
		{52AC551D-BD02-4F94-1E1D-A8D5BDDC8BD6}.Debug|Any CPU.ActiveCfg = Debug|Any CPU
		{52AC551D-BD02-4F94-1E1D-A8D5BDDC8BD6}.Debug|Any CPU.Build.0 = Debug|Any CPU
		{52AC551D-BD02-4F94-1E1D-A8D5BDDC8BD6}.Release|Any CPU.ActiveCfg = Release|Any CPU
		{52AC551D-BD02-4F94-1E1D-A8D5BDDC8BD6}.Release|Any CPU.Build.0 = Release|Any CPU
	EndGlobalSection
	GlobalSection(SolutionProperties) = preSolution
		HideSolutionNode = FALSE
	EndGlobalSection
EndGlobal
